Microsoft Visual Studio Solution File, Format Version 11.00
# Visual Studio 2008

Project("{5C726AB4-DD78-EB8E-673E-E4EE7FF11B6E}") = "Number-Wizard-UI", "Assembly-CSharp.csproj", "{C76668FF-416E-3A6D-FA28-C3433E58206C}"
EndProject
Global
	GlobalSection(SolutionConfigurationPlatforms) = preSolution
		Debug|Any CPU = Debug|Any CPU
		Release|Any CPU = Release|Any CPU
	EndGlobalSection
	GlobalSection(ProjectConfigurationPlatforms) = postSolution
		{C76668FF-416E-3A6D-FA28-C3433E58206C}.Debug|Any CPU.ActiveCfg = Debug|Any CPU
		{C76668FF-416E-3A6D-FA28-C3433E58206C}.Debug|Any CPU.Build.0 = Debug|Any CPU
		{C76668FF-416E-3A6D-FA28-C3433E58206C}.Release|Any CPU.ActiveCfg = Release|Any CPU
		{C76668FF-416E-3A6D-FA28-C3433E58206C}.Release|Any CPU.Build.0 = Release|Any CPU
	EndGlobalSection
	GlobalSection(SolutionProperties) = preSolution
		HideSolutionNode = FALSE
	EndGlobalSection
	GlobalSection(MonoDevelopProperties) = preSolution
		StartupItem = Assembly-CSharp.csproj
	EndGlobalSection
EndGlobal
